// !$*UTF8*$!
{
	archiveVersion = 1;
	classes = {
	};
	objectVersion = 46;
	objects = {

/* Begin PBXBuildFile section */
		C4A566831CE713F70047945C /* Player.swift in Sources */ = {isa = PBXBuildFile; fileRef = C4A566821CE713F70047945C /* Player.swift */; };
		C4A566851CE714B00047945C /* SampleData.swift in Sources */ = {isa = PBXBuildFile; fileRef = C4A566841CE714B00047945C /* SampleData.swift */; };
		C4A566871CE715A20047945C /* PlayersViewController.swift in Sources */ = {isa = PBXBuildFile; fileRef = C4A566861CE715A20047945C /* PlayersViewController.swift */; };
		C4A566891CE71D240047945C /* PlayerCell.swift in Sources */ = {isa = PBXBuildFile; fileRef = C4A566881CE71D240047945C /* PlayerCell.swift */; };
		C4E79B901CEA68E300F17F3D /* PlayerDetailsViewController.swift in Sources */ = {isa = PBXBuildFile; fileRef = C4E79B8F1CEA68E300F17F3D /* PlayerDetailsViewController.swift */; };
		C4E79B921CEA7ACC00F17F3D /* GamePickerViewController.swift in Sources */ = {isa = PBXBuildFile; fileRef = C4E79B911CEA7ACC00F17F3D /* GamePickerViewController.swift */; };
		C4F264641CE6EF5C0080B762 /* AppDelegate.swift in Sources */ = {isa = PBXBuildFile; fileRef = C4F264631CE6EF5C0080B762 /* AppDelegate.swift */; };
		C4F264691CE6EF5C0080B762 /* Main.storyboard in Resources */ = {isa = PBXBuildFile; fileRef = C4F264671CE6EF5C0080B762 /* Main.storyboard */; };
		C4F2646B1CE6EF5C0080B762 /* Assets.xcassets in Resources */ = {isa = PBXBuildFile; fileRef = C4F2646A1CE6EF5C0080B762 /* Assets.xcassets */; };
		C4F2646E1CE6EF5C0080B762 /* LaunchScreen.storyboard in Resources */ = {isa = PBXBuildFile; fileRef = C4F2646C1CE6EF5C0080B762 /* LaunchScreen.storyboard */; };
/* End PBXBuildFile section */

/* Begin PBXFileReference section */
		C4A566821CE713F70047945C /* Player.swift */ = {isa = PBXFileReference; fileEncoding = 4; lastKnownFileType = sourcecode.swift; path = Player.swift; sourceTree = "<group>"; };
		C4A566841CE714B00047945C /* SampleData.swift */ = {isa = PBXFileReference; fileEncoding = 4; lastKnownFileType = sourcecode.swift; path = SampleData.swift; sourceTree = "<group>"; };
		C4A566861CE715A20047945C /* PlayersViewController.swift */ = {isa = PBXFileReference; fileEncoding = 4; lastKnownFileType = sourcecode.swift; path = PlayersViewController.swift; sourceTree = "<group>"; };
		C4A566881CE71D240047945C /* PlayerCell.swift */ = {isa = PBXFileReference; fileEncoding = 4; lastKnownFileType = sourcecode.swift; path = PlayerCell.swift; sourceTree = "<group>"; };
		C4E79B8F1CEA68E300F17F3D /* PlayerDetailsViewController.swift */ = {isa = PBXFileReference; fileEncoding = 4; lastKnownFileType = sourcecode.swift; path = PlayerDetailsViewController.swift; sourceTree = "<group>"; };
		C4E79B911CEA7ACC00F17F3D /* GamePickerViewController.swift */ = {isa = PBXFileReference; fileEncoding = 4; lastKnownFileType = sourcecode.swift; path = GamePickerViewController.swift; sourceTree = "<group>"; };
		C4F264601CE6EF5C0080B762 /* Ratings.app */ = {isa = PBXFileReference; explicitFileType = wrapper.application; includeInIndex = 0; path = Ratings.app; sourceTree = BUILT_PRODUCTS_DIR; };
		C4F264631CE6EF5C0080B762 /* AppDelegate.swift */ = {isa = PBXFileReference; lastKnownFileType = sourcecode.swift; path = AppDelegate.swift; sourceTree = "<group>"; };
		C4F264681CE6EF5C0080B762 /* Base */ = {isa = PBXFileReference; lastKnownFileType = file.storyboard; name = Base; path = Base.lproj/Main.storyboard; sourceTree = "<group>"; };
		C4F2646A1CE6EF5C0080B762 /* Assets.xcassets */ = {isa = PBXFileReference; lastKnownFileType = folder.assetcatalog; path = Assets.xcassets; sourceTree = "<group>"; };
		C4F2646D1CE6EF5C0080B762 /* Base */ = {isa = PBXFileReference; lastKnownFileType = file.storyboard; name = Base; path = Base.lproj/LaunchScreen.storyboard; sourceTree = "<group>"; };
		C4F2646F1CE6EF5C0080B762 /* Info.plist */ = {isa = PBXFileReference; lastKnownFileType = text.plist.xml; path = Info.plist; sourceTree = "<group>"; };
/* End PBXFileReference section */

/* Begin PBXFrameworksBuildPhase section */
		C4F2645D1CE6EF5C0080B762 /* Frameworks */ = {
			isa = PBXFrameworksBuildPhase;
			buildActionMask = 2147483647;
			files = (
			);
			runOnlyForDeploymentPostprocessing = 0;
		};
/* End PBXFrameworksBuildPhase section */

/* Begin PBXGroup section */
		C4F264571CE6EF5C0080B762 = {
			isa = PBXGroup;
			children = (
				C4F264621CE6EF5C0080B762 /* Ratings */,
				C4F264611CE6EF5C0080B762 /* Products */,
			);
			sourceTree = "<group>";
		};
		C4F264611CE6EF5C0080B762 /* Products */ = {
			isa = PBXGroup;
			children = (
				C4F264601CE6EF5C0080B762 /* Ratings.app */,
			);
			name = Products;
			sourceTree = "<group>";
		};
		C4F264621CE6EF5C0080B762 /* Ratings */ = {
			isa = PBXGroup;
			children = (
				C4F264631CE6EF5C0080B762 /* AppDelegate.swift */,
				C4A566821CE713F70047945C /* Player.swift */,
				C4A566861CE715A20047945C /* PlayersViewController.swift */,
				C4A566841CE714B00047945C /* SampleData.swift */,
				C4A566881CE71D240047945C /* PlayerCell.swift */,
				C4E79B8F1CEA68E300F17F3D /* PlayerDetailsViewController.swift */,
				C4F264671CE6EF5C0080B762 /* Main.storyboard */,
				C4E79B911CEA7ACC00F17F3D /* GamePickerViewController.swift */,
				C4F2646A1CE6EF5C0080B762 /* Assets.xcassets */,
				C4F2646C1CE6EF5C0080B762 /* LaunchScreen.storyboard */,
				C4F2646F1CE6EF5C0080B762 /* Info.plist */,
			);
			path = Ratings;
			sourceTree = "<group>";
		};
/* End PBXGroup section */

/* Begin PBXNativeTarget section */
		C4F2645F1CE6EF5C0080B762 /* Ratings */ = {
			isa = PBXNativeTarget;
			buildConfigurationList = C4F264721CE6EF5C0080B762 /* Build configuration list for PBXNativeTarget "Ratings" */;
			buildPhases = (
				C4F2645C1CE6EF5C0080B762 /* Sources */,
				C4F2645D1CE6EF5C0080B762 /* Frameworks */,
				C4F2645E1CE6EF5C0080B762 /* Resources */,
			);
			buildRules = (
			);
			dependencies = (
			);
			name = Ratings;
			productName = Ratings;
			productReference = C4F264601CE6EF5C0080B762 /* Ratings.app */;
			productType = "com.apple.product-type.application";
		};
/* End PBXNativeTarget section */

/* Begin PBXProject section */
		C4F264581CE6EF5C0080B762 /* Project object */ = {
			isa = PBXProject;
			attributes = {
				LastSwiftUpdateCheck = 0710;
				LastUpgradeCheck = 0710;
				ORGANIZATIONNAME = infancyit;
				TargetAttributes = {
					C4F2645F1CE6EF5C0080B762 = {
						CreatedOnToolsVersion = 7.1.1;
					};
				};
			};
			buildConfigurationList = C4F2645B1CE6EF5C0080B762 /* Build configuration list for PBXProject "Ratings" */;
			compatibilityVersion = "Xcode 3.2";
			developmentRegion = English;
			hasScannedForEncodings = 0;
			knownRegions = (
				en,
				Base,
			);
			mainGroup = C4F264571CE6EF5C0080B762;
			productRefGroup = C4F264611CE6EF5C0080B762 /* Products */;
			projectDirPath = "";
			projectRoot = "";
			targets = (
				C4F2645F1CE6EF5C0080B762 /* Ratings */,
			);
		};
/* End PBXProject section */

/* Begin PBXResourcesBuildPhase section */
		C4F2645E1CE6EF5C0080B762 /* Resources */ = {
			isa = PBXResourcesBuildPhase;
			buildActionMask = 2147483647;
			files = (
				C4F2646E1CE6EF5C0080B762 /* LaunchScreen.storyboard in Resources */,
				C4F2646B1CE6EF5C0080B762 /* Assets.xcassets in Resources */,
				C4F264691CE6EF5C0080B762 /* Main.storyboard in Resources */,
			);
			runOnlyForDeploymentPostprocessing = 0;
		};
/* End PBXResourcesBuildPhase section */

/* Begin PBXSourcesBuildPhase section */
		C4F2645C1CE6EF5C0080B762 /* Sources */ = {
			isa = PBXSourcesBuildPhase;
			buildActionMask = 2147483647;
			files = (
				C4F264641CE6EF5C0080B762 /* AppDelegate.swift in Sources */,
				C4A566871CE715A20047945C /* PlayersViewController.swift in Sources */,
				C4E79B921CEA7ACC00F17F3D /* GamePickerViewController.swift in Sources */,
				C4E79B901CEA68E300F17F3D /* PlayerDetailsViewController.swift in Sources */,
				C4A566831CE713F70047945C /* Player.swift in Sources */,
				C4A566851CE714B00047945C /* SampleData.swift in Sources */,
				C4A566891CE71D240047945C /* PlayerCell.swift in Sources */,
			);
			runOnlyForDeploymentPostprocessing = 0;
		};
/* End PBXSourcesBuildPhase section */

/* Begin PBXVariantGroup section */
		C4F264671CE6EF5C0080B762 /* Main.storyboard */ = {
			isa = PBXVariantGroup;
			children = (
				C4F264681CE6EF5C0080B762 /* Base */,
			);
			name = Main.storyboard;
			sourceTree = "<group>";
		};
		C4F2646C1CE6EF5C0080B762 /* LaunchScreen.storyboard */ = {
			isa = PBXVariantGroup;
			children = (
				C4F2646D1CE6EF5C0080B762 /* Base */,
			);
			name = LaunchScreen.storyboard;
			sourceTree = "<group>";
		};
/* End PBXVariantGroup section */

/* Begin XCBuildConfiguration section */
		C4F264701CE6EF5C0080B762 /* Debug */ = {
			isa = XCBuildConfiguration;
			buildSettings = {
				ALWAYS_SEARCH_USER_PATHS = NO;
				CLANG_CXX_LANGUAGE_STANDARD = "gnu++0x";
				CLANG_CXX_LIBRARY = "libc++";
				CLANG_ENABLE_MODULES = YES;
				CLANG_ENABLE_OBJC_ARC = YES;
				CLANG_WARN_BOOL_CONVERSION = YES;
				CLANG_WARN_CONSTANT_CONVERSION = YES;
				CLANG_WARN_DIRECT_OBJC_ISA_USAGE = YES_ERROR;
				CLANG_WARN_EMPTY_BODY = YES;
				CLANG_WARN_ENUM_CONVERSION = YES;
				CLANG_WARN_INT_CONVERSION = YES;
				CLANG_WARN_OBJC_ROOT_CLASS = YES_ERROR;
				CLANG_WARN_UNREACHABLE_CODE = YES;
				CLANG_WARN__DUPLICATE_METHOD_MATCH = YES;
				"CODE_SIGN_IDENTITY[sdk=iphoneos*]" = "iPhone Developer";
				COPY_PHASE_STRIP = NO;
				DEBUG_INFORMATION_FORMAT = dwarf;
				ENABLE_STRICT_OBJC_MSGSEND = YES;
				ENABLE_TESTABILITY = YES;
				GCC_C_LANGUAGE_STANDARD = gnu99;
				GCC_DYNAMIC_NO_PIC = NO;
				GCC_NO_COMMON_BLOCKS = YES;
				GCC_OPTIMIZATION_LEVEL = 0;
				GCC_PREPROCESSOR_DEFINITIONS = (
					"DEBUG=1",
					"$(inherited)",
				);
				GCC_WARN_64_TO_32_BIT_CONVERSION = YES;
				GCC_WARN_ABOUT_RETURN_TYPE = YES_ERROR;
				GCC_WARN_UNDECLARED_SELECTOR = YES;
				GCC_WARN_UNINITIALIZED_AUTOS = YES_AGGRESSIVE;
				GCC_WARN_UNUSED_FUNCTION = YES;
				GCC_WARN_UNUSED_VARIABLE = YES;
				IPHONEOS_DEPLOYMENT_TARGET = 9.1;
				MTL_ENABLE_DEBUG_INFO = YES;
				ONLY_ACTIVE_ARCH = YES;
				SDKROOT = iphoneos;
				SWIFT_OPTIMIZATION_LEVEL = "-Onone";
			};
			name = Debug;
		};
		C4F264711CE6EF5C0080B762 /* Release */ = {
			isa = XCBuildConfiguration;
			buildSettings = {
				ALWAYS_SEARCH_USER_PATHS = NO;
				CLANG_CXX_LANGUAGE_STANDARD = "gnu++0x";
				CLANG_CXX_LIBRARY = "libc++";
				CLANG_ENABLE_MODULES = YES;
				CLANG_ENABLE_OBJC_ARC = YES;
				CLANG_WARN_BOOL_CONVERSION = YES;
				CLANG_WARN_CONSTANT_CONVERSION = YES;
				CLANG_WARN_DIRECT_OBJC_ISA_USAGE = YES_ERROR;
				CLANG_WARN_EMPTY_BODY = YES;
				CLANG_WARN_ENUM_CONVERSION = YES;
				CLANG_WARN_INT_CONVERSION = YES;
				CLANG_WARN_OBJC_ROOT_CLASS = YES_ERROR;
				CLANG_WARN_UNREACHABLE_CODE = YES;
				CLANG_WARN__DUPLICATE_METHOD_MATCH = YES;
				"CODE_SIGN_IDENTITY[sdk=iphoneos*]" = "iPhone Developer";
				COPY_PHASE_STRIP = NO;
				DEBUG_INFORMATION_FORMAT = "dwarf-with-dsym";
				ENABLE_NS_ASSERTIONS = NO;
				ENABLE_STRICT_OBJC_MSGSEND = YES;
				GCC_C_LANGUAGE_STANDARD = gnu99;
				GCC_NO_COMMON_BLOCKS = YES;
				GCC_WARN_64_TO_32_BIT_CONVERSION = YES;
				GCC_WARN_ABOUT_RETURN_TYPE = YES_ERROR;
				GCC_WARN_UNDECLARED_SELECTOR = YES;
				GCC_WARN_UNINITIALIZED_AUTOS = YES_AGGRESSIVE;
				GCC_WARN_UNUSED_FUNCTION = YES;
				GCC_WARN_UNUSED_VARIABLE = YES;
				IPHONEOS_DEPLOYMENT_TARGET = 9.1;
				MTL_ENABLE_DEBUG_INFO = NO;
				SDKROOT = iphoneos;
				VALIDATE_PRODUCT = YES;
			};
			name = Release;
		};
		C4F264731CE6EF5C0080B762 /* Debug */ = {
			isa = XCBuildConfiguration;
			buildSettings = {
				ASSETCATALOG_COMPILER_APPICON_NAME = AppIcon;
				INFOPLIST_FILE = Ratings/Info.plist;
				LD_RUNPATH_SEARCH_PATHS = "$(inherited) @executable_path/Frameworks";
				PRODUCT_BUNDLE_IDENTIFIER = com.infancyit.Ratings;
				PRODUCT_NAME = "$(TARGET_NAME)";
			};
			name = Debug;
		};
		C4F264741CE6EF5C0080B762 /* Release */ = {
			isa = XCBuildConfiguration;
			buildSettings = {
				ASSETCATALOG_COMPILER_APPICON_NAME = AppIcon;
				INFOPLIST_FILE = Ratings/Info.plist;
				LD_RUNPATH_SEARCH_PATHS = "$(inherited) @executable_path/Frameworks";
				PRODUCT_BUNDLE_IDENTIFIER = com.infancyit.Ratings;
				PRODUCT_NAME = "$(TARGET_NAME)";
			};
			name = Release;
		};
/* End XCBuildConfiguration section */

/* Begin XCConfigurationList section */
		C4F2645B1CE6EF5C0080B762 /* Build configuration list for PBXProject "Ratings" */ = {
			isa = XCConfigurationList;
			buildConfigurations = (
				C4F264701CE6EF5C0080B762 /* Debug */,
				C4F264711CE6EF5C0080B762 /* Release */,
			);
			defaultConfigurationIsVisible = 0;
			defaultConfigurationName = Release;
		};
		C4F264721CE6EF5C0080B762 /* Build configuration list for PBXNativeTarget "Ratings" */ = {
			isa = XCConfigurationList;
			buildConfigurations = (
				C4F264731CE6EF5C0080B762 /* Debug */,
				C4F264741CE6EF5C0080B762 /* Release */,
			);
			defaultConfigurationIsVisible = 0;
			defaultConfigurationName = Release;
		};
/* End XCConfigurationList section */
	};
	rootObject = C4F264581CE6EF5C0080B762 /* Project object */;
}
